
Microsoft Visual Studio Solution File, Format Version 12.00
# Visual Studio Version 17
VisualStudioVersion = 17.2.32630.192
MinimumVisualStudioVersion = 10.0.40219.1
Project("{FAE04EC0-301F-11D3-BF4B-00C04F79EFBC}") = "ejemplo01", "ejemplo01\ejemplo01.csproj", "{73E9C717-36B1-486F-90DA-DF20B5178871}"
EndProject
Project("{FAE04EC0-301F-11D3-BF4B-00C04F79EFBC}") = "ejemplo02_controlesVarios_OperadoresTernarios", "ejemplo02_controlesVarios_OperadoresTernarios\ejemplo02_controlesVarios_OperadoresTernarios.csproj", "{5D8A2181-888A-419A-89E0-9C5DC1D4FB7E}"
EndProject
Global
	GlobalSection(SolutionConfigurationPlatforms) = preSolution
		Debug|Any CPU = Debug|Any CPU
		Release|Any CPU = Release|Any CPU
	EndGlobalSection
	GlobalSection(ProjectConfigurationPlatforms) = postSolution
		{73E9C717-36B1-486F-90DA-DF20B5178871}.Debug|Any CPU.ActiveCfg = Debug|Any CPU
		{73E9C717-36B1-486F-90DA-DF20B5178871}.Debug|Any CPU.Build.0 = Debug|Any CPU
		{73E9C717-36B1-486F-90DA-DF20B5178871}.Release|Any CPU.ActiveCfg = Release|Any CPU
		{73E9C717-36B1-486F-90DA-DF20B5178871}.Release|Any CPU.Build.0 = Release|Any CPU
		{5D8A2181-888A-419A-89E0-9C5DC1D4FB7E}.Debug|Any CPU.ActiveCfg = Debug|Any CPU
		{5D8A2181-888A-419A-89E0-9C5DC1D4FB7E}.Debug|Any CPU.Build.0 = Debug|Any CPU
		{5D8A2181-888A-419A-89E0-9C5DC1D4FB7E}.Release|Any CPU.ActiveCfg = Release|Any CPU
		{5D8A2181-888A-419A-89E0-9C5DC1D4FB7E}.Release|Any CPU.Build.0 = Release|Any CPU
	EndGlobalSection
	GlobalSection(SolutionProperties) = preSolution
		HideSolutionNode = FALSE
	EndGlobalSection
	GlobalSection(ExtensibilityGlobals) = postSolution
		SolutionGuid = {F7E874B9-35C2-4535-A6F1-C861B5A09649}
	EndGlobalSection
EndGlobal
